
Microsoft Visual Studio Solution File, Format Version 12.00
# Visual Studio Version 17
VisualStudioVersion = 17.4.33122.133
MinimumVisualStudioVersion = 10.0.40219.1
Project("{8BC9CEB8-8B4A-11D0-8D11-00A0C91BC942}") = "graph-coloring", "graph-coloring\graph-coloring.vcxproj", "{3D0ABA8E-B78D-42DF-9215-7342ED49C49F}"
EndProject
Global
	GlobalSection(SolutionConfigurationPlatforms) = preSolution
		Debug|x64 = Debug|x64
		Debug|x86 = Debug|x86
		Release|x64 = Release|x64
		Release|x86 = Release|x86
	EndGlobalSection
	GlobalSection(ProjectConfigurationPlatforms) = postSolution
		{3D0ABA8E-B78D-42DF-9215-7342ED49C49F}.Debug|x64.ActiveCfg = Debug|x64
		{3D0ABA8E-B78D-42DF-9215-7342ED49C49F}.Debug|x64.Build.0 = Debug|x64
		{3D0ABA8E-B78D-42DF-9215-7342ED49C49F}.Debug|x86.ActiveCfg = Debug|Win32
		{3D0ABA8E-B78D-42DF-9215-7342ED49C49F}.Debug|x86.Build.0 = Debug|Win32
		{3D0ABA8E-B78D-42DF-9215-7342ED49C49F}.Release|x64.ActiveCfg = Release|x64
		{3D0ABA8E-B78D-42DF-9215-7342ED49C49F}.Release|x64.Build.0 = Release|x64
		{3D0ABA8E-B78D-42DF-9215-7342ED49C49F}.Release|x86.ActiveCfg = Release|Win32
		{3D0ABA8E-B78D-42DF-9215-7342ED49C49F}.Release|x86.Build.0 = Release|Win32
	EndGlobalSection
	GlobalSection(SolutionProperties) = preSolution
		HideSolutionNode = FALSE
	EndGlobalSection
	GlobalSection(ExtensibilityGlobals) = postSolution
		SolutionGuid = {7207906F-4361-4103-86CE-E5425102DCAA}
	EndGlobalSection
EndGlobal
